
Microsoft Visual Studio Solution File, Format Version 12.00
# Visual Studio Version 16
VisualStudioVersion = 16.0.30717.126
MinimumVisualStudioVersion = 10.0.40219.1
Project("{FAE04EC0-301F-11D3-BF4B-00C04F79EFBC}") = "LCPLauncher", "LCPLauncher.csproj", "{DDDEE279-C5C2-457B-B0B3-DA935BD4B81E}"
EndProject
Global
	GlobalSection(SolutionConfigurationPlatforms) = preSolution
		Debug|Any CPU = Debug|Any CPU
		Release|Any CPU = Release|Any CPU
	EndGlobalSection
	GlobalSection(ProjectConfigurationPlatforms) = postSolution
		{DDDEE279-C5C2-457B-B0B3-DA935BD4B81E}.Debug|Any CPU.ActiveCfg = Debug|Any CPU
		{DDDEE279-C5C2-457B-B0B3-DA935BD4B81E}.Debug|Any CPU.Build.0 = Debug|Any CPU
		{DDDEE279-C5C2-457B-B0B3-DA935BD4B81E}.Release|Any CPU.ActiveCfg = Release|Any CPU
		{DDDEE279-C5C2-457B-B0B3-DA935BD4B81E}.Release|Any CPU.Build.0 = Release|Any CPU
	EndGlobalSection
	GlobalSection(SolutionProperties) = preSolution
		HideSolutionNode = FALSE
	EndGlobalSection
	GlobalSection(ExtensibilityGlobals) = postSolution
		SolutionGuid = {D48FBD36-3C38-4CA7-AF96-641A1DD52740}
	EndGlobalSection
EndGlobal
